
Microsoft Visual Studio Solution File, Format Version 12.00
# Visual Studio Version 17
VisualStudioVersion = 17.9.34714.143
MinimumVisualStudioVersion = 10.0.40219.1
Project("{FAE04EC0-301F-11D3-BF4B-00C04F79EFBC}") = "DataparDesafio", "DataparDesafio\DataparDesafio.csproj", "{E1DB0982-7E18-42A0-B234-AE2DAE6EB560}"
EndProject
Global
	GlobalSection(SolutionConfigurationPlatforms) = preSolution
		Debug|Any CPU = Debug|Any CPU
		Release|Any CPU = Release|Any CPU
	EndGlobalSection
	GlobalSection(ProjectConfigurationPlatforms) = postSolution
		{E1DB0982-7E18-42A0-B234-AE2DAE6EB560}.Debug|Any CPU.ActiveCfg = Debug|Any CPU
		{E1DB0982-7E18-42A0-B234-AE2DAE6EB560}.Debug|Any CPU.Build.0 = Debug|Any CPU
		{E1DB0982-7E18-42A0-B234-AE2DAE6EB560}.Release|Any CPU.ActiveCfg = Release|Any CPU
		{E1DB0982-7E18-42A0-B234-AE2DAE6EB560}.Release|Any CPU.Build.0 = Release|Any CPU
	EndGlobalSection
	GlobalSection(SolutionProperties) = preSolution
		HideSolutionNode = FALSE
	EndGlobalSection
	GlobalSection(ExtensibilityGlobals) = postSolution
		SolutionGuid = {CE327F0C-AF35-47E8-A1EE-8F7D1C4ACEC3}
	EndGlobalSection
EndGlobal
